
Microsoft Visual Studio Solution File, Format Version 12.00
# Visual Studio Version 17
VisualStudioVersion = 17.9.34902.65
MinimumVisualStudioVersion = 10.0.40219.1
Project("{FAE04EC0-301F-11D3-BF4B-00C04F79EFBC}") = "clases y objetos", "clases y objetos\clases y objetos.csproj", "{EF015C3E-E488-472E-B6F5-D5A2788FBE5B}"
EndProject
Global
	GlobalSection(SolutionConfigurationPlatforms) = preSolution
		Debug|Any CPU = Debug|Any CPU
		Release|Any CPU = Release|Any CPU
	EndGlobalSection
	GlobalSection(ProjectConfigurationPlatforms) = postSolution
		{EF015C3E-E488-472E-B6F5-D5A2788FBE5B}.Debug|Any CPU.ActiveCfg = Debug|Any CPU
		{EF015C3E-E488-472E-B6F5-D5A2788FBE5B}.Debug|Any CPU.Build.0 = Debug|Any CPU
		{EF015C3E-E488-472E-B6F5-D5A2788FBE5B}.Release|Any CPU.ActiveCfg = Release|Any CPU
		{EF015C3E-E488-472E-B6F5-D5A2788FBE5B}.Release|Any CPU.Build.0 = Release|Any CPU
	EndGlobalSection
	GlobalSection(SolutionProperties) = preSolution
		HideSolutionNode = FALSE
	EndGlobalSection
	GlobalSection(ExtensibilityGlobals) = postSolution
		SolutionGuid = {CFE34DD8-294E-442A-939F-3290674843FD}
	EndGlobalSection
EndGlobal
